{
  "name": "@web-atoms/xf-controls",
  "version": "1.0.126",
  "lockfileVersion": 1,
  "requires": true,
  "dependencies": {
    "@web-atoms/core": {
      "version": "1.1.129",
      "resolved": "https://registry.npmjs.org/@web-atoms/core/-/core-1.1.129.tgz",
      "integrity": "sha512-BMoMjsen6pp1k9vM4z4PqOuXYl6DDCVSwRRdO9XCvZbjPkBGDH4m9anqkyhYH+RaTQ3hNY1IFs9CjY71RbUZCQ==",
      "requires": {
        "@web-atoms/date-time": "^1.0.23",
        "reflect-metadata": "^0.1.13"
      },
      "dependencies": {
        "@web-atoms/date-time": {
          "version": "1.0.23",
          "resolved": "https://registry.npmjs.org/@web-atoms/date-time/-/date-time-1.0.23.tgz",
          "integrity": "sha512-VEcfBoxArgFl7y2jKrU3pB57Ikzg1Xq7H3vJAhLhfTuMfO+/dOf8BdYKUhY5vhEclsBULe139a1ctxI/yLryyQ=="
        }
      }
    },
    "@web-atoms/date-time": {
      "version": "1.0.21",
      "resolved": "https://registry.npmjs.org/@web-atoms/date-time/-/date-time-1.0.21.tgz",
      "integrity": "sha512-8cO6U9YVXOOu3YxsbhSlEVTJ8MNR8Nt/GqxmYpWKV/VTdAq6pUPmKTbe9OHJNZzCQirHrtOXpqXKhvTrKS0NzQ=="
    },
    "@web-atoms/font-awesome": {
      "version": "1.0.20",
      "resolved": "https://registry.npmjs.org/@web-atoms/font-awesome/-/font-awesome-1.0.20.tgz",
      "integrity": "sha512-x95dctWNSiJXENO9D6ZPpYSTWc12hCcC5P2Orq0F1uMu3YPk0O6J9ZQPnetXAirBQrYvEcy+HjLPbge8KSn2FA==",
      "requires": {
        "@web-atoms/core": "^1.1.27"
      }
    },
    "@web-atoms/module-loader": {
      "version": "1.0.410",
      "resolved": "https://registry.npmjs.org/@web-atoms/module-loader/-/module-loader-1.0.410.tgz",
      "integrity": "sha512-i1I8roc1Z/8NXMof8VmEBFcNwUtaexnCiHBMea4R5fAnUdsIT1f2Oabiiz2wup2R7FXmqFf0G2oM+3NZyK1wrQ=="
    },
    "reflect-metadata": {
      "version": "0.1.13",
      "resolved": "https://registry.npmjs.org/reflect-metadata/-/reflect-metadata-0.1.13.tgz",
      "integrity": "sha512-Ts1Y/anZELhSsjMcU605fU9RE4Oi3p5ORujwbIKXfWa+0Zxs510Qrmrce5/Jowq3cHSZSJqBjypxmHarc+vEWg=="
    }
  }
}
