{
  "name": "@web-atoms/xf-controls",
  "version": "1.0.42",
  "lockfileVersion": 1,
  "requires": true,
  "dependencies": {
    "reflect-metadata": {
      "version": "0.1.13",
      "resolved": "https://registry.npmjs.org/reflect-metadata/-/reflect-metadata-0.1.13.tgz",
      "integrity": "sha512-Ts1Y/anZELhSsjMcU605fU9RE4Oi3p5ORujwbIKXfWa+0Zxs510Qrmrce5/Jowq3cHSZSJqBjypxmHarc+vEWg=="
    },
    "web-atoms-core": {
      "version": "1.0.842",
      "resolved": "https://registry.npmjs.org/web-atoms-core/-/web-atoms-core-1.0.842.tgz",
      "integrity": "sha512-8bB0OlpoJuCZBIJy8eyyRVGV/uk2+dt6gOgz5tZEwCg7/8DtU9VjwIDR1ephgyrptKqPHm2SNaVoiK1AUHt9zw==",
      "requires": {
        "reflect-metadata": "^0.1.13"
      }
    }
  }
}
